Microsoft Visual Studio Solution File, Format Version 12.00
# Visual Studio Version 17
VisualStudioVersion = 17.0.31903.59
MinimumVisualStudioVersion = 10.0.40219.1
Project("{FAE04EC0-301F-11D3-BF4B-00C04F79EFBC}") = "Product.Domain", "src\Services\Product\Product.Domain\Product.Domain.csproj", "{28E1C13B-3B94-5A9A-A8E6-94AA0D0E40C4}"
EndProject
Project("{FAE04EC0-301F-11D3-BF4B-00C04F79EFBC}") = "Product.Application", "src\Services\Product\Product.Application\Product.Application.csproj", "{8A6EAB79-C3D9-5637-87C6-2BB1F4915D2F}"
EndProject
Project("{FAE04EC0-301F-11D3-BF4B-00C04F79EFBC}") = "Product.Infrastructure", "src\Services\Product\Product.Infrastructure\Product.Infrastructure.csproj", "{53CDC9A2-E4E4-5E32-8142-D1F30515FEDD}"
EndProject
Project("{FAE04EC0-301F-11D3-BF4B-00C04F79EFBC}") = "Product.API", "src\Services\Product\Product.API\Product.API.csproj", "{DE266B36-98B9-5F5F-95D7-87936C59C467}"
EndProject
Project("{FAE04EC0-301F-11D3-BF4B-00C04F79EFBC}") = "Product.Tests", "tests\Product.Tests\Product.Tests.csproj", "{7FEAF8D4-50BA-524B-AEC9-75E82A22CD5F}"
EndProject
Project("{FAE04EC0-301F-11D3-BF4B-00C04F79EFBC}") = "Customer.Domain", "src\Services\Customer\Customer.Domain\Customer.Domain.csproj", "{8F851A0F-7C4E-569A-A677-3DD5D8514A85}"
EndProject
Project("{FAE04EC0-301F-11D3-BF4B-00C04F79EFBC}") = "Customer.Application", "src\Services\Customer\Customer.Application\Customer.Application.csproj", "{A5DE4AA6-AD6B-5B09-A709-CBD81C659291}"
EndProject
Project("{FAE04EC0-301F-11D3-BF4B-00C04F79EFBC}") = "Customer.Infrastructure", "src\Services\Customer\Customer.Infrastructure\Customer.Infrastructure.csproj", "{13661A44-6BA8-5333-B1FF-8D8ADCA074C7}"
EndProject
Project("{FAE04EC0-301F-11D3-BF4B-00C04F79EFBC}") = "Customer.API", "src\Services\Customer\Customer.API\Customer.API.csproj", "{44198D35-EFA4-5B74-82FF-6684D668FF7D}"
EndProject
Project("{FAE04EC0-301F-11D3-BF4B-00C04F79EFBC}") = "Customer.Tests", "tests\Customer.Tests\Customer.Tests.csproj", "{43110A9F-4E99-5983-B179-B4B470B76B6B}"
EndProject
Global
	GlobalSection(SolutionConfigurationPlatforms) = preSolution
		Debug|Any CPU = Debug|Any CPU
		Release|Any CPU = Release|Any CPU
	EndGlobalSection
	GlobalSection(ProjectConfigurationPlatforms) = postSolution
		{43110A9F-4E99-5983-B179-B4B470B76B6B}.Debug|Any CPU.ActiveCfg = Debug|Any CPU
		{43110A9F-4E99-5983-B179-B4B470B76B6B}.Debug|Any CPU.Build.0 = Debug|Any CPU
		{43110A9F-4E99-5983-B179-B4B470B76B6B}.Release|Any CPU.ActiveCfg = Release|Any CPU
		{43110A9F-4E99-5983-B179-B4B470B76B6B}.Release|Any CPU.Build.0 = Release|Any CPU
		{44198D35-EFA4-5B74-82FF-6684D668FF7D}.Debug|Any CPU.ActiveCfg = Debug|Any CPU
		{44198D35-EFA4-5B74-82FF-6684D668FF7D}.Debug|Any CPU.Build.0 = Debug|Any CPU
		{44198D35-EFA4-5B74-82FF-6684D668FF7D}.Release|Any CPU.ActiveCfg = Release|Any CPU
		{44198D35-EFA4-5B74-82FF-6684D668FF7D}.Release|Any CPU.Build.0 = Release|Any CPU
		{13661A44-6BA8-5333-B1FF-8D8ADCA074C7}.Debug|Any CPU.ActiveCfg = Debug|Any CPU
		{13661A44-6BA8-5333-B1FF-8D8ADCA074C7}.Debug|Any CPU.Build.0 = Debug|Any CPU
		{13661A44-6BA8-5333-B1FF-8D8ADCA074C7}.Release|Any CPU.ActiveCfg = Release|Any CPU
		{13661A44-6BA8-5333-B1FF-8D8ADCA074C7}.Release|Any CPU.Build.0 = Release|Any CPU
		{A5DE4AA6-AD6B-5B09-A709-CBD81C659291}.Debug|Any CPU.ActiveCfg = Debug|Any CPU
		{A5DE4AA6-AD6B-5B09-A709-CBD81C659291}.Debug|Any CPU.Build.0 = Debug|Any CPU
		{A5DE4AA6-AD6B-5B09-A709-CBD81C659291}.Release|Any CPU.ActiveCfg = Release|Any CPU
		{A5DE4AA6-AD6B-5B09-A709-CBD81C659291}.Release|Any CPU.Build.0 = Release|Any CPU
		{8F851A0F-7C4E-569A-A677-3DD5D8514A85}.Debug|Any CPU.ActiveCfg = Debug|Any CPU
		{8F851A0F-7C4E-569A-A677-3DD5D8514A85}.Debug|Any CPU.Build.0 = Debug|Any CPU
		{8F851A0F-7C4E-569A-A677-3DD5D8514A85}.Release|Any CPU.ActiveCfg = Release|Any CPU
		{8F851A0F-7C4E-569A-A677-3DD5D8514A85}.Release|Any CPU.Build.0 = Release|Any CPU
		{7FEAF8D4-50BA-524B-AEC9-75E82A22CD5F}.Debug|Any CPU.ActiveCfg = Debug|Any CPU
		{7FEAF8D4-50BA-524B-AEC9-75E82A22CD5F}.Debug|Any CPU.Build.0 = Debug|Any CPU
		{7FEAF8D4-50BA-524B-AEC9-75E82A22CD5F}.Release|Any CPU.ActiveCfg = Release|Any CPU
		{7FEAF8D4-50BA-524B-AEC9-75E82A22CD5F}.Release|Any CPU.Build.0 = Release|Any CPU
		{28E1C13B-3B94-5A9A-A8E6-94AA0D0E40C4}.Debug|Any CPU.ActiveCfg = Debug|Any CPU
		{28E1C13B-3B94-5A9A-A8E6-94AA0D0E40C4}.Debug|Any CPU.Build.0 = Debug|Any CPU
		{28E1C13B-3B94-5A9A-A8E6-94AA0D0E40C4}.Release|Any CPU.ActiveCfg = Release|Any CPU
		{28E1C13B-3B94-5A9A-A8E6-94AA0D0E40C4}.Release|Any CPU.Build.0 = Release|Any CPU
		{8A6EAB79-C3D9-5637-87C6-2BB1F4915D2F}.Debug|Any CPU.ActiveCfg = Debug|Any CPU
		{8A6EAB79-C3D9-5637-87C6-2BB1F4915D2F}.Debug|Any CPU.Build.0 = Debug|Any CPU
		{8A6EAB79-C3D9-5637-87C6-2BB1F4915D2F}.Release|Any CPU.ActiveCfg = Release|Any CPU
		{8A6EAB79-C3D9-5637-87C6-2BB1F4915D2F}.Release|Any CPU.Build.0 = Release|Any CPU
		{53CDC9A2-E4E4-5E32-8142-D1F30515FEDD}.Debug|Any CPU.ActiveCfg = Debug|Any CPU
		{53CDC9A2-E4E4-5E32-8142-D1F30515FEDD}.Debug|Any CPU.Build.0 = Debug|Any CPU
		{53CDC9A2-E4E4-5E32-8142-D1F30515FEDD}.Release|Any CPU.ActiveCfg = Release|Any CPU
		{53CDC9A2-E4E4-5E32-8142-D1F30515FEDD}.Release|Any CPU.Build.0 = Release|Any CPU
		{DE266B36-98B9-5F5F-95D7-87936C59C467}.Debug|Any CPU.ActiveCfg = Debug|Any CPU
		{DE266B36-98B9-5F5F-95D7-87936C59C467}.Debug|Any CPU.Build.0 = Debug|Any CPU
		{DE266B36-98B9-5F5F-95D7-87936C59C467}.Release|Any CPU.ActiveCfg = Release|Any CPU
		{DE266B36-98B9-5F5F-95D7-87936C59C467}.Release|Any CPU.Build.0 = Release|Any CPU
	EndGlobalSection
EndGlobal
